Microsoft Visual Studio Solution File, Format Version 12.00
# Visual Studio Version 17
VisualStudioVersion = 17.5.2.0
MinimumVisualStudioVersion = 10.0.40219.1
Project("{FAE04EC0-301F-11D3-BF4B-00C04F79EFBC}") = "HrService", "HrService.csproj", "{7A9ADEE7-3140-3AF4-50D7-433D48736168}"
EndProject
Global
	GlobalSection(SolutionConfigurationPlatforms) = preSolution
		Debug|Any CPU = Debug|Any CPU
		Release|Any CPU = Release|Any CPU
	EndGlobalSection
	GlobalSection(ProjectConfigurationPlatforms) = postSolution
		{7A9ADEE7-3140-3AF4-50D7-433D48736168}.Debug|Any CPU.ActiveCfg = Debug|Any CPU
		{7A9ADEE7-3140-3AF4-50D7-433D48736168}.Debug|Any CPU.Build.0 = Debug|Any CPU
		{7A9ADEE7-3140-3AF4-50D7-433D48736168}.Release|Any CPU.ActiveCfg = Release|Any CPU
		{7A9ADEE7-3140-3AF4-50D7-433D48736168}.Release|Any CPU.Build.0 = Release|Any CPU
	EndGlobalSection
	GlobalSection(SolutionProperties) = preSolution
		HideSolutionNode = FALSE
	EndGlobalSection
	GlobalSection(ExtensibilityGlobals) = postSolution
		SolutionGuid = {AA06B15D-2E11-4EC9-9D45-43FA78E175A6}
	EndGlobalSection
EndGlobal
